# This file is autogenerated, do not edit; changes may be undone by the next 'dep ensure'.


[[projects]]
  branch = "master"
  name = "9fans.net/go"
  packages = ["acme","plan9","plan9/client","plumb"]
  revision = "f3da003977a315afefd8b0085cc48356fd2308a3"

[[projects]]
  name = "github.com/sahilm/fuzzy"
  packages = ["."]
  revision = "0e1c4a4e1f632f936a5c0fa6176076eea01c054b"
  version = "v0.0.3"

[solve-meta]
  analyzer-name = "dep"
  analyzer-version = 1
  inputs-digest = "d1323f0403c22a729800c306b78465207029aba99f4594ab2874b6be0a391052"
  solver-name = "gps-cdcl"
  solver-version = 1
