# This file is autogenerated, do not edit; changes may be undone by the next 'dep ensure'.


[[projects]]
  branch = "master"
  name = "9fans.net/go"
  packages = ["acme","plan9","plan9/client","plumb"]
  revision = "f3da003977a315afefd8b0085cc48356fd2308a3"

[[projects]]
  name = "github.com/renstrom/fuzzysearch"
  packages = ["fuzzy"]
  revision = "d4ca9dfccd55dc6b076f9880d49c35315922c1f4"
  version = "v1.0.0"

[solve-meta]
  analyzer-name = "dep"
  analyzer-version = 1
  inputs-digest = "a7f437e5f7924266ef143e5fe960b87649467d9cf4ba64d98ac6889632c9bbd1"
  solver-name = "gps-cdcl"
  solver-version = 1
